
Microsoft Visual Studio Solution File, Format Version 12.00
# Visual Studio Version 16
VisualStudioVersion = 16.0.32002.261
MinimumVisualStudioVersion = 10.0.40219.1
Project("{FAE04EC0-301F-11D3-BF4B-00C04F79EFBC}") = "ConsoleApp7", "ConsoleApp7\ConsoleApp7.csproj", "{21CDC47A-E2FE-413B-B788-D33E95740776}"
EndProject
Global
	GlobalSection(SolutionConfigurationPlatforms) = preSolution
		Debug|Any CPU = Debug|Any CPU
		Release|Any CPU = Release|Any CPU
	EndGlobalSection
	GlobalSection(ProjectConfigurationPlatforms) = postSolution
		{21CDC47A-E2FE-413B-B788-D33E95740776}.Debug|Any CPU.ActiveCfg = Debug|Any CPU
		{21CDC47A-E2FE-413B-B788-D33E95740776}.Debug|Any CPU.Build.0 = Debug|Any CPU
		{21CDC47A-E2FE-413B-B788-D33E95740776}.Release|Any CPU.ActiveCfg = Release|Any CPU
		{21CDC47A-E2FE-413B-B788-D33E95740776}.Release|Any CPU.Build.0 = Release|Any CPU
	EndGlobalSection
	GlobalSection(SolutionProperties) = preSolution
		HideSolutionNode = FALSE
	EndGlobalSection
	GlobalSection(ExtensibilityGlobals) = postSolution
		SolutionGuid = {D64B8AF7-A6D1-48F9-87C6-078546A40763}
	EndGlobalSection
EndGlobal
